// !$*UTF8*$!
{
	archiveVersion = 1;
	classes = {
	};
	objectVersion = 46;
	objects = {

/* Begin PBXBuildFile section */
		C282657B1B3385FA000718DB /* RCTAssets.h in CopyFiles */ = {isa = PBXBuildFile; fileRef = C282657A1B3385FA000718DB /* RCTAssets.h */; };
		C282657D1B3385FA000718DB /* RCTAssets.m in Sources */ = {isa = PBXBuildFile; fileRef = C282657C1B3385FA000718DB /* RCTAssets.m */; };
		C28265831B3385FA000718DB /* libRCTAssets.a in Frameworks */ = {isa = PBXBuildFile; fileRef = C28265771B3385FA000718DB /* libRCTAssets.a */; };
/* End PBXBuildFile section */

/* Begin PBXContainerItemProxy section */
		C28265841B3385FA000718DB /* PBXContainerItemProxy */ = {
			isa = PBXContainerItemProxy;
			containerPortal = C282656F1B3385FA000718DB /* Project object */;
			proxyType = 1;
			remoteGlobalIDString = C28265761B3385FA000718DB;
			remoteInfo = RCTAssets;
		};
/* End PBXContainerItemProxy section */

/* Begin PBXCopyFilesBuildPhase section */
		C28265751B3385FA000718DB /* CopyFiles */ = {
			isa = PBXCopyFilesBuildPhase;
			buildActionMask = 2147483647;
			dstPath = "include/$(PRODUCT_NAME)";
			dstSubfolderSpec = 16;
			files = (
				C282657B1B3385FA000718DB /* RCTAssets.h in CopyFiles */,
			);
			runOnlyForDeploymentPostprocessing = 0;
		};
/* End PBXCopyFilesBuildPhase section */

/* Begin PBXFileReference section */
		C28265771B3385FA000718DB /* libRCTAssets.a */ = {isa = PBXFileReference; explicitFileType = archive.ar; includeInIndex = 0; path = libRCTAssets.a; sourceTree = BUILT_PRODUCTS_DIR; };
		C282657A1B3385FA000718DB /* RCTAssets.h */ = {isa = PBXFileReference; lastKnownFileType = sourcecode.c.h; path = RCTAssets.h; sourceTree = "<group>"; };
		C282657C1B3385FA000718DB /* RCTAssets.m */ = {isa = PBXFileReference; lastKnownFileType = sourcecode.c.objc; path = RCTAssets.m; sourceTree = "<group>"; };
		C28265821B3385FA000718DB /* RCTAssetsTests.xctest */ = {isa = PBXFileReference; explicitFileType = wrapper.cfbundle; includeInIndex = 0; path = RCTAssetsTests.xctest; sourceTree = BUILT_PRODUCTS_DIR; };
		C28265881B3385FA000718DB /* Info.plist */ = {isa = PBXFileReference; lastKnownFileType = text.plist.xml; path = Info.plist; sourceTree = "<group>"; };
/* End PBXFileReference section */

/* Begin PBXFrameworksBuildPhase section */
		C28265741B3385FA000718DB /* Frameworks */ = {
			isa = PBXFrameworksBuildPhase;
			buildActionMask = 2147483647;
			files = (
			);
			runOnlyForDeploymentPostprocessing = 0;
		};
		C282657F1B3385FA000718DB /* Frameworks */ = {
			isa = PBXFrameworksBuildPhase;
			buildActionMask = 2147483647;
			files = (
				C28265831B3385FA000718DB /* libRCTAssets.a in Frameworks */,
			);
			runOnlyForDeploymentPostprocessing = 0;
		};
/* End PBXFrameworksBuildPhase section */

/* Begin PBXGroup section */
		C282656E1B3385FA000718DB = {
			isa = PBXGroup;
			children = (
				C28265791B3385FA000718DB /* RCTAssets */,
				C28265861B3385FA000718DB /* RCTAssetsTests */,
				C28265781B3385FA000718DB /* Products */,
			);
			sourceTree = "<group>";
		};
		C28265781B3385FA000718DB /* Products */ = {
			isa = PBXGroup;
			children = (
				C28265771B3385FA000718DB /* libRCTAssets.a */,
				C28265821B3385FA000718DB /* RCTAssetsTests.xctest */,
			);
			name = Products;
			sourceTree = "<group>";
		};
		C28265791B3385FA000718DB /* RCTAssets */ = {
			isa = PBXGroup;
			children = (
				C282657A1B3385FA000718DB /* RCTAssets.h */,
				C282657C1B3385FA000718DB /* RCTAssets.m */,
			);
			path = RCTAssets;
			sourceTree = "<group>";
		};
		C28265861B3385FA000718DB /* RCTAssetsTests */ = {
			isa = PBXGroup;
			children = (
				C28265871B3385FA000718DB /* Supporting Files */,
			);
			path = RCTAssetsTests;
			sourceTree = "<group>";
		};
		C28265871B3385FA000718DB /* Supporting Files */ = {
			isa = PBXGroup;
			children = (
				C28265881B3385FA000718DB /* Info.plist */,
			);
			name = "Supporting Files";
			sourceTree = "<group>";
		};
/* End PBXGroup section */

/* Begin PBXNativeTarget section */
		C28265761B3385FA000718DB /* RCTAssets */ = {
			isa = PBXNativeTarget;
			buildConfigurationList = C282658B1B3385FA000718DB /* Build configuration list for PBXNativeTarget "RCTAssets" */;
			buildPhases = (
				C28265731B3385FA000718DB /* Sources */,
				C28265741B3385FA000718DB /* Frameworks */,
				C28265751B3385FA000718DB /* CopyFiles */,
			);
			buildRules = (
			);
			dependencies = (
			);
			name = RCTAssets;
			productName = RCTAssets;
			productReference = C28265771B3385FA000718DB /* libRCTAssets.a */;
			productType = "com.apple.product-type.library.static";
		};
		C28265811B3385FA000718DB /* RCTAssetsTests */ = {
			isa = PBXNativeTarget;
			buildConfigurationList = C282658E1B3385FA000718DB /* Build configuration list for PBXNativeTarget "RCTAssetsTests" */;
			buildPhases = (
				C282657E1B3385FA000718DB /* Sources */,
				C282657F1B3385FA000718DB /* Frameworks */,
				C28265801B3385FA000718DB /* Resources */,
			);
			buildRules = (
			);
			dependencies = (
				C28265851B3385FA000718DB /* PBXTargetDependency */,
			);
			name = RCTAssetsTests;
			productName = RCTAssetsTests;
			productReference = C28265821B3385FA000718DB /* RCTAssetsTests.xctest */;
			productType = "com.apple.product-type.bundle.unit-test";
		};
/* End PBXNativeTarget section */

/* Begin PBXProject section */
		C282656F1B3385FA000718DB /* Project object */ = {
			isa = PBXProject;
			attributes = {
				LastUpgradeCheck = 0630;
				ORGANIZATIONNAME = "Juan Gabriel Gutierrez";
				TargetAttributes = {
					C28265761B3385FA000718DB = {
						CreatedOnToolsVersion = 6.3.2;
					};
					C28265811B3385FA000718DB = {
						CreatedOnToolsVersion = 6.3.2;
					};
				};
			};
			buildConfigurationList = C28265721B3385FA000718DB /* Build configuration list for PBXProject "RCTAssets" */;
			compatibilityVersion = "Xcode 3.2";
			developmentRegion = English;
			hasScannedForEncodings = 0;
			knownRegions = (
				en,
			);
			mainGroup = C282656E1B3385FA000718DB;
			productRefGroup = C28265781B3385FA000718DB /* Products */;
			projectDirPath = "";
			projectRoot = "";
			targets = (
				C28265761B3385FA000718DB /* RCTAssets */,
				C28265811B3385FA000718DB /* RCTAssetsTests */,
			);
		};
/* End PBXProject section */

/* Begin PBXResourcesBuildPhase section */
		C28265801B3385FA000718DB /* Resources */ = {
			isa = PBXResourcesBuildPhase;
			buildActionMask = 2147483647;
			files = (
			);
			runOnlyForDeploymentPostprocessing = 0;
		};
/* End PBXResourcesBuildPhase section */

/* Begin PBXSourcesBuildPhase section */
		C28265731B3385FA000718DB /* Sources */ = {
			isa = PBXSourcesBuildPhase;
			buildActionMask = 2147483647;
			files = (
				C282657D1B3385FA000718DB /* RCTAssets.m in Sources */,
			);
			runOnlyForDeploymentPostprocessing = 0;
		};
		C282657E1B3385FA000718DB /* Sources */ = {
			isa = PBXSourcesBuildPhase;
			buildActionMask = 2147483647;
			files = (
			);
			runOnlyForDeploymentPostprocessing = 0;
		};
/* End PBXSourcesBuildPhase section */

/* Begin PBXTargetDependency section */
		C28265851B3385FA000718DB /* PBXTargetDependency */ = {
			isa = PBXTargetDependency;
			target = C28265761B3385FA000718DB /* RCTAssets */;
			targetProxy = C28265841B3385FA000718DB /* PBXContainerItemProxy */;
		};
/* End PBXTargetDependency section */

/* Begin XCBuildConfiguration section */
		C28265891B3385FA000718DB /* Debug */ = {
			isa = XCBuildConfiguration;
			buildSettings = {
				ALWAYS_SEARCH_USER_PATHS = NO;
				CLANG_CXX_LANGUAGE_STANDARD = "gnu++0x";
				CLANG_CXX_LIBRARY = "libc++";
				CLANG_ENABLE_MODULES = YES;
				CLANG_ENABLE_OBJC_ARC = YES;
				CLANG_WARN_BOOL_CONVERSION = YES;
				CLANG_WARN_CONSTANT_CONVERSION = YES;
				CLANG_WARN_DIRECT_OBJC_ISA_USAGE = YES_ERROR;
				CLANG_WARN_EMPTY_BODY = YES;
				CLANG_WARN_ENUM_CONVERSION = YES;
				CLANG_WARN_INT_CONVERSION = YES;
				CLANG_WARN_OBJC_ROOT_CLASS = YES_ERROR;
				CLANG_WARN_UNREACHABLE_CODE = YES;
				CLANG_WARN__DUPLICATE_METHOD_MATCH = YES;
				COPY_PHASE_STRIP = NO;
				DEBUG_INFORMATION_FORMAT = "dwarf-with-dsym";
				ENABLE_STRICT_OBJC_MSGSEND = YES;
				GCC_C_LANGUAGE_STANDARD = gnu99;
				GCC_DYNAMIC_NO_PIC = NO;
				GCC_NO_COMMON_BLOCKS = YES;
				GCC_OPTIMIZATION_LEVEL = 0;
				GCC_PREPROCESSOR_DEFINITIONS = (
					"DEBUG=1",
					"$(inherited)",
				);
				GCC_SYMBOLS_PRIVATE_EXTERN = NO;
				GCC_WARN_64_TO_32_BIT_CONVERSION = YES;
				GCC_WARN_ABOUT_RETURN_TYPE = YES_ERROR;
				GCC_WARN_UNDECLARED_SELECTOR = YES;
				GCC_WARN_UNINITIALIZED_AUTOS = YES_AGGRESSIVE;
				GCC_WARN_UNUSED_FUNCTION = YES;
				GCC_WARN_UNUSED_VARIABLE = YES;
				IPHONEOS_DEPLOYMENT_TARGET = 8.3;
				MTL_ENABLE_DEBUG_INFO = YES;
				ONLY_ACTIVE_ARCH = YES;
				SDKROOT = iphoneos;
			};
			name = Debug;
		};
		C282658A1B3385FA000718DB /* Release */ = {
			isa = XCBuildConfiguration;
			buildSettings = {
				ALWAYS_SEARCH_USER_PATHS = NO;
				CLANG_CXX_LANGUAGE_STANDARD = "gnu++0x";
				CLANG_CXX_LIBRARY = "libc++";
				CLANG_ENABLE_MODULES = YES;
				CLANG_ENABLE_OBJC_ARC = YES;
				CLANG_WARN_BOOL_CONVERSION = YES;
				CLANG_WARN_CONSTANT_CONVERSION = YES;
				CLANG_WARN_DIRECT_OBJC_ISA_USAGE = YES_ERROR;
				CLANG_WARN_EMPTY_BODY = YES;
				CLANG_WARN_ENUM_CONVERSION = YES;
				CLANG_WARN_INT_CONVERSION = YES;
				CLANG_WARN_OBJC_ROOT_CLASS = YES_ERROR;
				CLANG_WARN_UNREACHABLE_CODE = YES;
				CLANG_WARN__DUPLICATE_METHOD_MATCH = YES;
				COPY_PHASE_STRIP = NO;
				DEBUG_INFORMATION_FORMAT = "dwarf-with-dsym";
				ENABLE_NS_ASSERTIONS = NO;
				ENABLE_STRICT_OBJC_MSGSEND = YES;
				GCC_C_LANGUAGE_STANDARD = gnu99;
				GCC_NO_COMMON_BLOCKS = YES;
				GCC_WARN_64_TO_32_BIT_CONVERSION = YES;
				GCC_WARN_ABOUT_RETURN_TYPE = YES_ERROR;
				GCC_WARN_UNDECLARED_SELECTOR = YES;
				GCC_WARN_UNINITIALIZED_AUTOS = YES_AGGRESSIVE;
				GCC_WARN_UNUSED_FUNCTION = YES;
				GCC_WARN_UNUSED_VARIABLE = YES;
				IPHONEOS_DEPLOYMENT_TARGET = 8.3;
				MTL_ENABLE_DEBUG_INFO = NO;
				SDKROOT = iphoneos;
				VALIDATE_PRODUCT = YES;
			};
			name = Release;
		};
		C282658C1B3385FA000718DB /* Debug */ = {
			isa = XCBuildConfiguration;
			buildSettings = {
				OTHER_LDFLAGS = "-ObjC";
				PRODUCT_NAME = "$(TARGET_NAME)";
				SKIP_INSTALL = YES;
			};
			name = Debug;
		};
		C282658D1B3385FA000718DB /* Release */ = {
			isa = XCBuildConfiguration;
			buildSettings = {
				OTHER_LDFLAGS = "-ObjC";
				PRODUCT_NAME = "$(TARGET_NAME)";
				SKIP_INSTALL = YES;
			};
			name = Release;
		};
		C282658F1B3385FA000718DB /* Debug */ = {
			isa = XCBuildConfiguration;
			buildSettings = {
				"CODE_SIGN_IDENTITY[sdk=iphoneos*]" = "iPhone Developer";
				FRAMEWORK_SEARCH_PATHS = (
					"$(SDKROOT)/Developer/Library/Frameworks",
					"$(inherited)",
				);
				GCC_PREPROCESSOR_DEFINITIONS = (
					"DEBUG=1",
					"$(inherited)",
				);
				INFOPLIST_FILE = RCTAssetsTests/Info.plist;
				LD_RUNPATH_SEARCH_PATHS = "$(inherited) @executable_path/Frameworks @loader_path/Frameworks";
				PRODUCT_NAME = "$(TARGET_NAME)";
			};
			name = Debug;
		};
		C28265901B3385FA000718DB /* Release */ = {
			isa = XCBuildConfiguration;
			buildSettings = {
				"CODE_SIGN_IDENTITY[sdk=iphoneos*]" = "iPhone Developer";
				FRAMEWORK_SEARCH_PATHS = (
					"$(SDKROOT)/Developer/Library/Frameworks",
					"$(inherited)",
				);
				INFOPLIST_FILE = RCTAssetsTests/Info.plist;
				LD_RUNPATH_SEARCH_PATHS = "$(inherited) @executable_path/Frameworks @loader_path/Frameworks";
				PRODUCT_NAME = "$(TARGET_NAME)";
			};
			name = Release;
		};
/* End XCBuildConfiguration section */

/* Begin XCConfigurationList section */
		C28265721B3385FA000718DB /* Build configuration list for PBXProject "RCTAssets" */ = {
			isa = XCConfigurationList;
			buildConfigurations = (
				C28265891B3385FA000718DB /* Debug */,
				C282658A1B3385FA000718DB /* Release */,
			);
			defaultConfigurationIsVisible = 0;
			defaultConfigurationName = Release;
		};
		C282658B1B3385FA000718DB /* Build configuration list for PBXNativeTarget "RCTAssets" */ = {
			isa = XCConfigurationList;
			buildConfigurations = (
				C282658C1B3385FA000718DB /* Debug */,
				C282658D1B3385FA000718DB /* Release */,
			);
			defaultConfigurationIsVisible = 0;
		};
		C282658E1B3385FA000718DB /* Build configuration list for PBXNativeTarget "RCTAssetsTests" */ = {
			isa = XCConfigurationList;
			buildConfigurations = (
				C282658F1B3385FA000718DB /* Debug */,
				C28265901B3385FA000718DB /* Release */,
			);
			defaultConfigurationIsVisible = 0;
		};
/* End XCConfigurationList section */
	};
	rootObject = C282656F1B3385FA000718DB /* Project object */;
}
